
Microsoft Visual Studio Solution File, Format Version 12.00
# Visual Studio 15
VisualStudioVersion = 15.0.26730.12
MinimumVisualStudioVersion = 10.0.40219.1
Project("{9A19103F-16F7-4668-BE54-9A1E7A4F7556}") = "ProjektArbete", "ProjektArbete\ProjektArbete.csproj", "{ED795BF6-39B0-473B-8009-8E237F8BC2FF}"
EndProject
Global
	GlobalSection(SolutionConfigurationPlatforms) = preSolution
		Debug|Any CPU = Debug|Any CPU
		Release|Any CPU = Release|Any CPU
	EndGlobalSection
	GlobalSection(ProjectConfigurationPlatforms) = postSolution
		{ED795BF6-39B0-473B-8009-8E237F8BC2FF}.Debug|Any CPU.ActiveCfg = Debug|Any CPU
		{ED795BF6-39B0-473B-8009-8E237F8BC2FF}.Debug|Any CPU.Build.0 = Debug|Any CPU
		{ED795BF6-39B0-473B-8009-8E237F8BC2FF}.Release|Any CPU.ActiveCfg = Release|Any CPU
		{ED795BF6-39B0-473B-8009-8E237F8BC2FF}.Release|Any CPU.Build.0 = Release|Any CPU
	EndGlobalSection
	GlobalSection(SolutionProperties) = preSolution
		HideSolutionNode = FALSE
	EndGlobalSection
	GlobalSection(ExtensibilityGlobals) = postSolution
		SolutionGuid = {FD75E695-B6A6-4859-96D6-E2153FF31158}
	EndGlobalSection
EndGlobal
